
Microsoft Visual Studio Solution File, Format Version 12.00
# Visual Studio Version 17
VisualStudioVersion = 17.5.33530.505
MinimumVisualStudioVersion = 10.0.40219.1
Project("{FAE04EC0-301F-11D3-BF4B-00C04F79EFBC}") = "HelloTest", "HelloTest\HelloTest.csproj", "{13A0CD8F-396C-4E99-B5D5-5A5D477808A1}"
EndProject
Global
	GlobalSection(SolutionConfigurationPlatforms) = preSolution
		Debug|Any CPU = Debug|Any CPU
		Release|Any CPU = Release|Any CPU
	EndGlobalSection
	GlobalSection(ProjectConfigurationPlatforms) = postSolution
		{13A0CD8F-396C-4E99-B5D5-5A5D477808A1}.Debug|Any CPU.ActiveCfg = Debug|Any CPU
		{13A0CD8F-396C-4E99-B5D5-5A5D477808A1}.Debug|Any CPU.Build.0 = Debug|Any CPU
		{13A0CD8F-396C-4E99-B5D5-5A5D477808A1}.Release|Any CPU.ActiveCfg = Release|Any CPU
		{13A0CD8F-396C-4E99-B5D5-5A5D477808A1}.Release|Any CPU.Build.0 = Release|Any CPU
	EndGlobalSection
	GlobalSection(SolutionProperties) = preSolution
		HideSolutionNode = FALSE
	EndGlobalSection
	GlobalSection(ExtensibilityGlobals) = postSolution
		SolutionGuid = {FDAE0A6A-DB4E-43F3-A295-252738D4E7D4}
	EndGlobalSection
EndGlobal
